
Microsoft Visual Studio Solution File, Format Version 12.00
# Visual Studio Version 16
VisualStudioVersion = 16.0.31729.503
MinimumVisualStudioVersion = 10.0.40219.1
Project("{8BC9CEB8-8B4A-11D0-8D11-00A0C91BC942}") = "Zad1", "Zad1\Zad1.vcxproj", "{9C628423-B589-4D3F-8E9E-533D93E73030}"
EndProject
Project("{8BC9CEB8-8B4A-11D0-8D11-00A0C91BC942}") = "Zad2", "Zad2\Zad2.vcxproj", "{FF3B5989-5C60-464D-B96B-9410ECB7AFF7}"
EndProject
Project("{8BC9CEB8-8B4A-11D0-8D11-00A0C91BC942}") = "Zad3", "Zad3\Zad3.vcxproj", "{A31FC864-00B5-4F49-8D6C-43DBCB327425}"
EndProject
Project("{8BC9CEB8-8B4A-11D0-8D11-00A0C91BC942}") = "Zad4", "Zad4\Zad4.vcxproj", "{C4ACB46D-4EE7-4BF2-8AE6-7EE9332DCDF7}"
EndProject
Global
	GlobalSection(SolutionConfigurationPlatforms) = preSolution
		Debug|x64 = Debug|x64
		Debug|x86 = Debug|x86
		Release|x64 = Release|x64
		Release|x86 = Release|x86
	EndGlobalSection
	GlobalSection(ProjectConfigurationPlatforms) = postSolution
		{9C628423-B589-4D3F-8E9E-533D93E73030}.Debug|x64.ActiveCfg = Debug|x64
		{9C628423-B589-4D3F-8E9E-533D93E73030}.Debug|x64.Build.0 = Debug|x64
		{9C628423-B589-4D3F-8E9E-533D93E73030}.Debug|x86.ActiveCfg = Debug|Win32
		{9C628423-B589-4D3F-8E9E-533D93E73030}.Debug|x86.Build.0 = Debug|Win32
		{9C628423-B589-4D3F-8E9E-533D93E73030}.Release|x64.ActiveCfg = Release|x64
		{9C628423-B589-4D3F-8E9E-533D93E73030}.Release|x64.Build.0 = Release|x64
		{9C628423-B589-4D3F-8E9E-533D93E73030}.Release|x86.ActiveCfg = Release|Win32
		{9C628423-B589-4D3F-8E9E-533D93E73030}.Release|x86.Build.0 = Release|Win32
		{FF3B5989-5C60-464D-B96B-9410ECB7AFF7}.Debug|x64.ActiveCfg = Debug|x64
		{FF3B5989-5C60-464D-B96B-9410ECB7AFF7}.Debug|x64.Build.0 = Debug|x64
		{FF3B5989-5C60-464D-B96B-9410ECB7AFF7}.Debug|x86.ActiveCfg = Debug|Win32
		{FF3B5989-5C60-464D-B96B-9410ECB7AFF7}.Debug|x86.Build.0 = Debug|Win32
		{FF3B5989-5C60-464D-B96B-9410ECB7AFF7}.Release|x64.ActiveCfg = Release|x64
		{FF3B5989-5C60-464D-B96B-9410ECB7AFF7}.Release|x64.Build.0 = Release|x64
		{FF3B5989-5C60-464D-B96B-9410ECB7AFF7}.Release|x86.ActiveCfg = Release|Win32
		{FF3B5989-5C60-464D-B96B-9410ECB7AFF7}.Release|x86.Build.0 = Release|Win32
		{A31FC864-00B5-4F49-8D6C-43DBCB327425}.Debug|x64.ActiveCfg = Debug|x64
		{A31FC864-00B5-4F49-8D6C-43DBCB327425}.Debug|x64.Build.0 = Debug|x64
		{A31FC864-00B5-4F49-8D6C-43DBCB327425}.Debug|x86.ActiveCfg = Debug|Win32
		{A31FC864-00B5-4F49-8D6C-43DBCB327425}.Debug|x86.Build.0 = Debug|Win32
		{A31FC864-00B5-4F49-8D6C-43DBCB327425}.Release|x64.ActiveCfg = Release|x64
		{A31FC864-00B5-4F49-8D6C-43DBCB327425}.Release|x64.Build.0 = Release|x64
		{A31FC864-00B5-4F49-8D6C-43DBCB327425}.Release|x86.ActiveCfg = Release|Win32
		{A31FC864-00B5-4F49-8D6C-43DBCB327425}.Release|x86.Build.0 = Release|Win32
		{C4ACB46D-4EE7-4BF2-8AE6-7EE9332DCDF7}.Debug|x64.ActiveCfg = Debug|x64
		{C4ACB46D-4EE7-4BF2-8AE6-7EE9332DCDF7}.Debug|x64.Build.0 = Debug|x64
		{C4ACB46D-4EE7-4BF2-8AE6-7EE9332DCDF7}.Debug|x86.ActiveCfg = Debug|Win32
		{C4ACB46D-4EE7-4BF2-8AE6-7EE9332DCDF7}.Debug|x86.Build.0 = Debug|Win32
		{C4ACB46D-4EE7-4BF2-8AE6-7EE9332DCDF7}.Release|x64.ActiveCfg = Release|x64
		{C4ACB46D-4EE7-4BF2-8AE6-7EE9332DCDF7}.Release|x64.Build.0 = Release|x64
		{C4ACB46D-4EE7-4BF2-8AE6-7EE9332DCDF7}.Release|x86.ActiveCfg = Release|Win32
		{C4ACB46D-4EE7-4BF2-8AE6-7EE9332DCDF7}.Release|x86.Build.0 = Release|Win32
	EndGlobalSection
	GlobalSection(SolutionProperties) = preSolution
		HideSolutionNode = FALSE
	EndGlobalSection
	GlobalSection(ExtensibilityGlobals) = postSolution
		SolutionGuid = {72BB48E5-B50C-4458-999F-FC08EB2C2641}
	EndGlobalSection
EndGlobal
